
Microsoft Visual Studio Solution File, Format Version 12.00
# Visual Studio 15
VisualStudioVersion = 15.0.27130.2024
MinimumVisualStudioVersion = 10.0.40219.1
Project("{FAE04EC0-301F-11D3-BF4B-00C04F79EFBC}") = "wcf_chat", "wcf_chat\wcf_chat.csproj", "{97874FF3-98B1-433B-8656-49A43293F8DE}"
EndProject
Project("{FAE04EC0-301F-11D3-BF4B-00C04F79EFBC}") = "ChatHost", "ChatHost\ChatHost.csproj", "{88AB3006-1B6F-4D2A-B1A4-B5A81CDA10A0}"
EndProject
Project("{FAE04EC0-301F-11D3-BF4B-00C04F79EFBC}") = "ChatClient", "ChatClient\ChatClient.csproj", "{0E79AF61-CDD2-43D5-B6D8-6505E491E96C}"
EndProject
Global
	GlobalSection(SolutionConfigurationPlatforms) = preSolution
		Debug|Any CPU = Debug|Any CPU
		Release|Any CPU = Release|Any CPU
	EndGlobalSection
	GlobalSection(ProjectConfigurationPlatforms) = postSolution
		{97874FF3-98B1-433B-8656-49A43293F8DE}.Debug|Any CPU.ActiveCfg = Debug|Any CPU
		{97874FF3-98B1-433B-8656-49A43293F8DE}.Debug|Any CPU.Build.0 = Debug|Any CPU
		{97874FF3-98B1-433B-8656-49A43293F8DE}.Release|Any CPU.ActiveCfg = Release|Any CPU
		{97874FF3-98B1-433B-8656-49A43293F8DE}.Release|Any CPU.Build.0 = Release|Any CPU
		{88AB3006-1B6F-4D2A-B1A4-B5A81CDA10A0}.Debug|Any CPU.ActiveCfg = Debug|Any CPU
		{88AB3006-1B6F-4D2A-B1A4-B5A81CDA10A0}.Debug|Any CPU.Build.0 = Debug|Any CPU
		{88AB3006-1B6F-4D2A-B1A4-B5A81CDA10A0}.Release|Any CPU.ActiveCfg = Release|Any CPU
		{88AB3006-1B6F-4D2A-B1A4-B5A81CDA10A0}.Release|Any CPU.Build.0 = Release|Any CPU
		{0E79AF61-CDD2-43D5-B6D8-6505E491E96C}.Debug|Any CPU.ActiveCfg = Debug|Any CPU
		{0E79AF61-CDD2-43D5-B6D8-6505E491E96C}.Debug|Any CPU.Build.0 = Debug|Any CPU
		{0E79AF61-CDD2-43D5-B6D8-6505E491E96C}.Release|Any CPU.ActiveCfg = Release|Any CPU
		{0E79AF61-CDD2-43D5-B6D8-6505E491E96C}.Release|Any CPU.Build.0 = Release|Any CPU
	EndGlobalSection
	GlobalSection(SolutionProperties) = preSolution
		HideSolutionNode = FALSE
	EndGlobalSection
	GlobalSection(ExtensibilityGlobals) = postSolution
		SolutionGuid = {7F527FD7-09E1-445E-8C42-DBA155A6BCC7}
	EndGlobalSection
EndGlobal
